
Microsoft Visual Studio Solution File, Format Version 12.00
# Visual Studio Version 17
VisualStudioVersion = 17.9.34616.47
MinimumVisualStudioVersion = 10.0.40219.1
Project("{8BC9CEB8-8B4A-11D0-8D11-00A0C91BC942}") = "Con 1", "Con 1\Con 1.vcxproj", "{AA6F0B56-B8DA-4255-A238-730686504268}"
EndProject
Project("{8BC9CEB8-8B4A-11D0-8D11-00A0C91BC942}") = "Con2", "Con2\Con2.vcxproj", "{6306382B-876D-4065-B549-9BA153C081EF}"
EndProject
Project("{8BC9CEB8-8B4A-11D0-8D11-00A0C91BC942}") = "Con3", "Con3\Con3.vcxproj", "{F98B869A-E8A1-4C1D-AD07-10DE2C0307ED}"
EndProject
Project("{8BC9CEB8-8B4A-11D0-8D11-00A0C91BC942}") = "Con4", "Con4\Con4.vcxproj", "{9C978C3A-0671-4E6D-BA6C-32446B53C026}"
EndProject
Project("{8BC9CEB8-8B4A-11D0-8D11-00A0C91BC942}") = "projek", "projek\projek.vcxproj", "{3802E418-2C41-4585-AA79-1BAB3E67D9BE}"
EndProject
Global
	GlobalSection(SolutionConfigurationPlatforms) = preSolution
		Debug|x64 = Debug|x64
		Debug|x86 = Debug|x86
		Release|x64 = Release|x64
		Release|x86 = Release|x86
	EndGlobalSection
	GlobalSection(ProjectConfigurationPlatforms) = postSolution
		{AA6F0B56-B8DA-4255-A238-730686504268}.Debug|x64.ActiveCfg = Debug|x64
		{AA6F0B56-B8DA-4255-A238-730686504268}.Debug|x64.Build.0 = Debug|x64
		{AA6F0B56-B8DA-4255-A238-730686504268}.Debug|x86.ActiveCfg = Debug|Win32
		{AA6F0B56-B8DA-4255-A238-730686504268}.Debug|x86.Build.0 = Debug|Win32
		{AA6F0B56-B8DA-4255-A238-730686504268}.Release|x64.ActiveCfg = Release|x64
		{AA6F0B56-B8DA-4255-A238-730686504268}.Release|x64.Build.0 = Release|x64
		{AA6F0B56-B8DA-4255-A238-730686504268}.Release|x86.ActiveCfg = Release|Win32
		{AA6F0B56-B8DA-4255-A238-730686504268}.Release|x86.Build.0 = Release|Win32
		{6306382B-876D-4065-B549-9BA153C081EF}.Debug|x64.ActiveCfg = Debug|x64
		{6306382B-876D-4065-B549-9BA153C081EF}.Debug|x64.Build.0 = Debug|x64
		{6306382B-876D-4065-B549-9BA153C081EF}.Debug|x86.ActiveCfg = Debug|Win32
		{6306382B-876D-4065-B549-9BA153C081EF}.Debug|x86.Build.0 = Debug|Win32
		{6306382B-876D-4065-B549-9BA153C081EF}.Release|x64.ActiveCfg = Release|x64
		{6306382B-876D-4065-B549-9BA153C081EF}.Release|x64.Build.0 = Release|x64
		{6306382B-876D-4065-B549-9BA153C081EF}.Release|x86.ActiveCfg = Release|Win32
		{6306382B-876D-4065-B549-9BA153C081EF}.Release|x86.Build.0 = Release|Win32
		{F98B869A-E8A1-4C1D-AD07-10DE2C0307ED}.Debug|x64.ActiveCfg = Debug|x64
		{F98B869A-E8A1-4C1D-AD07-10DE2C0307ED}.Debug|x64.Build.0 = Debug|x64
		{F98B869A-E8A1-4C1D-AD07-10DE2C0307ED}.Debug|x86.ActiveCfg = Debug|Win32
		{F98B869A-E8A1-4C1D-AD07-10DE2C0307ED}.Debug|x86.Build.0 = Debug|Win32
		{F98B869A-E8A1-4C1D-AD07-10DE2C0307ED}.Release|x64.ActiveCfg = Release|x64
		{F98B869A-E8A1-4C1D-AD07-10DE2C0307ED}.Release|x64.Build.0 = Release|x64
		{F98B869A-E8A1-4C1D-AD07-10DE2C0307ED}.Release|x86.ActiveCfg = Release|Win32
		{F98B869A-E8A1-4C1D-AD07-10DE2C0307ED}.Release|x86.Build.0 = Release|Win32
		{9C978C3A-0671-4E6D-BA6C-32446B53C026}.Debug|x64.ActiveCfg = Debug|x64
		{9C978C3A-0671-4E6D-BA6C-32446B53C026}.Debug|x64.Build.0 = Debug|x64
		{9C978C3A-0671-4E6D-BA6C-32446B53C026}.Debug|x86.ActiveCfg = Debug|Win32
		{9C978C3A-0671-4E6D-BA6C-32446B53C026}.Debug|x86.Build.0 = Debug|Win32
		{9C978C3A-0671-4E6D-BA6C-32446B53C026}.Release|x64.ActiveCfg = Release|x64
		{9C978C3A-0671-4E6D-BA6C-32446B53C026}.Release|x64.Build.0 = Release|x64
		{9C978C3A-0671-4E6D-BA6C-32446B53C026}.Release|x86.ActiveCfg = Release|Win32
		{9C978C3A-0671-4E6D-BA6C-32446B53C026}.Release|x86.Build.0 = Release|Win32
		{3802E418-2C41-4585-AA79-1BAB3E67D9BE}.Debug|x64.ActiveCfg = Debug|x64
		{3802E418-2C41-4585-AA79-1BAB3E67D9BE}.Debug|x64.Build.0 = Debug|x64
		{3802E418-2C41-4585-AA79-1BAB3E67D9BE}.Debug|x86.ActiveCfg = Debug|Win32
		{3802E418-2C41-4585-AA79-1BAB3E67D9BE}.Debug|x86.Build.0 = Debug|Win32
		{3802E418-2C41-4585-AA79-1BAB3E67D9BE}.Release|x64.ActiveCfg = Release|x64
		{3802E418-2C41-4585-AA79-1BAB3E67D9BE}.Release|x64.Build.0 = Release|x64
		{3802E418-2C41-4585-AA79-1BAB3E67D9BE}.Release|x86.ActiveCfg = Release|Win32
		{3802E418-2C41-4585-AA79-1BAB3E67D9BE}.Release|x86.Build.0 = Release|Win32
	EndGlobalSection
	GlobalSection(SolutionProperties) = preSolution
		HideSolutionNode = FALSE
	EndGlobalSection
	GlobalSection(ExtensibilityGlobals) = postSolution
		SolutionGuid = {D35D6F02-2A49-4DFE-B688-9473B5E53779}
	EndGlobalSection
EndGlobal
